<?xml version="1.0" encoding="utf-8"?>
<Project ToolsVersion="4.0" xmlns="http://schemas.microsoft.com/developer/msbuild/2003">
  <ItemGroup>
    <Filter Include="Source Files">
      <UniqueIdentifier>{4FC737F1-C7A5-4376-A066-2A32D752A2FF}</UniqueIdentifier>
      <Extensions>cpp;c;cc;cxx;def;odl;idl;hpj;bat;asm;asmx</Extensions>
    </Filter>
    <Filter Include="Header Files">
      <UniqueIdentifier>{93995380-89BD-4b04-88EB-625FBE52EBFB}</UniqueIdentifier>
      <Extensions>h;hh;hpp;hxx;hm;inl;inc;xsd</Extensions>
    </Filter>
    <Filter Include="Resource Files">
      <UniqueIdentifier>{67DA6AB6-F800-4c08-8B7A-83BB121AAD01}</UniqueIdentifier>
      <Extensions>rc;ico;cur;bmp;dlg;rc2;rct;bin;rgs;gif;jpg;jpeg;jpe;resx;tiff;tif;png;wav;mfcribbon-ms</Extensions>
    </Filter>
    <Filter Include="Source Files\Shaders">
      <UniqueIdentifier>{162f2bba-5e88-4df3-90a8-62909a016c29}</UniqueIdentifier>
    </Filter>
    <Filter Include="Source Files\Shaders\DX11">
      <UniqueIdentifier>{90154494-c19a-4631-b93b-1674cf066da6}</UniqueIdentifier>
    </Filter>
    <Filter Include="Source Files\Graphics">
      <UniqueIdentifier>{1ec3d2bb-5eba-41af-9348-df825b46f962}</UniqueIdentifier>
    </Filter>
    <Filter Include="OBJParser">
      <UniqueIdentifier>{670f2060-ab13-489f-a583-552ff546deda}</UniqueIdentifier>
    </Filter>
  </ItemGroup>
  <ItemGroup>
    <ClCompile Include="Main.cpp">
      <Filter>Source Files</Filter>
    </ClCompile>
    <ClCompile Include="Window.cpp">
      <Filter>Source Files</Filter>
    </ClCompile>
    <ClCompile Include="Core.cpp">
      <Filter>Source Files</Filter>
    </ClCompile>
    <ClCompile Include="DirectXTK\DDSTextureLoader.cpp">
      <Filter>Source Files</Filter>
    </ClCompile>
    <ClCompile Include="DirectXTK\WICTextureLoader.cpp">
      <Filter>Source Files</Filter>
    </ClCompile>
    <ClCompile Include="DebugLogger.cpp">
      <Filter>Source Files</Filter>
    </ClCompile>
    <ClCompile Include="CameraManager.cpp">
      <Filter>Source Files</Filter>
    </ClCompile>
    <ClCompile Include="Timer.cpp">
      <Filter>Source Files</Filter>
    </ClCompile>
    <ClCompile Include="ResourceManager.cpp">
      <Filter>Source Files</Filter>
    </ClCompile>
    <ClCompile Include="MemoryManager.cpp">
      <Filter>Source Files</Filter>
    </ClCompile>
    <ClCompile Include="PoolAllocator.cpp">
      <Filter>Source Files</Filter>
    </ClCompile>
    <ClCompile Include="StackAllocator.cpp">
      <Filter>Source Files</Filter>
    </ClCompile>
    <ClCompile Include="AssetParser.cpp">
      <Filter>Source Files</Filter>
    </ClCompile>
    <ClCompile Include="stdafx.cpp">
      <Filter>Source Files</Filter>
    </ClCompile>
    <ClCompile Include="TestMain.cpp">
      <Filter>Source Files</Filter>
    </ClCompile>
    <ClCompile Include="unzipper.cpp">
      <Filter>Source Files</Filter>
    </ClCompile>
    <ClCompile Include="ZipLoader.cpp">
      <Filter>Source Files</Filter>
    </ClCompile>
    <ClCompile Include="zipper.cpp">
      <Filter>Source Files</Filter>
    </ClCompile>
    <ClCompile Include="IGraphics.cpp">
      <Filter>Source Files\Graphics</Filter>
    </ClCompile>
    <ClCompile Include="Direct3D11.cpp">
      <Filter>Source Files\Graphics</Filter>
    </ClCompile>
    <ClCompile Include="flexbison\Object.cpp">
      <Filter>OBJParser</Filter>
    </ClCompile>
    <ClCompile Include="flexbison\ObjParser.cpp">
      <Filter>OBJParser</Filter>
    </ClCompile>
    <ClCompile Include="flexbison\parser.flex.cpp">
      <Filter>OBJParser</Filter>
    </ClCompile>
    <ClCompile Include="flexbison\parser.tab.cpp">
      <Filter>OBJParser</Filter>
    </ClCompile>
    <ClCompile Include="InputManager.cpp">
      <Filter>Source Files</Filter>
    </ClCompile>
    <ClCompile Include="Scene.cpp">
      <Filter>Source Files</Filter>
    </ClCompile>
    <ClCompile Include="ChunkyPoolAllocator.cpp">
      <Filter>Source Files</Filter>
    </ClCompile>
  </ItemGroup>
  <ItemGroup>
    <ClInclude Include="Window.h">
      <Filter>Header Files</Filter>
    </ClInclude>
    <ClInclude Include="Core.h">
      <Filter>Header Files</Filter>
    </ClInclude>
    <ClInclude Include="Macros.h">
      <Filter>Header Files</Filter>
    </ClInclude>
    <ClInclude Include="Direct3D11.h">
      <Filter>Header Files</Filter>
    </ClInclude>
    <ClInclude Include="Structs.h">
      <Filter>Header Files</Filter>
    </ClInclude>
    <ClInclude Include="DirectXTK\dds.h">
      <Filter>Header Files</Filter>
    </ClInclude>
    <ClInclude Include="DirectXTK\DDSTextureLoader.h">
      <Filter>Header Files</Filter>
    </ClInclude>
    <ClInclude Include="DirectXTK\DirectXHelpers.h">
      <Filter>Header Files</Filter>
    </ClInclude>
    <ClInclude Include="DirectXTK\pch.h">
      <Filter>Header Files</Filter>
    </ClInclude>
    <ClInclude Include="DirectXTK\PlatformHelpers.h">
      <Filter>Header Files</Filter>
    </ClInclude>
    <ClInclude Include="DirectXTK\WICTextureLoader.h">
      <Filter>Header Files</Filter>
    </ClInclude>
    <ClInclude Include="DebugLogger.h">
      <Filter>Header Files</Filter>
    </ClInclude>
    <ClInclude Include="CameraManager.h">
      <Filter>Header Files</Filter>
    </ClInclude>
    <ClInclude Include="Timer.h">
      <Filter>Header Files</Filter>
    </ClInclude>
    <ClInclude Include="Observer.h">
      <Filter>Header Files</Filter>
    </ClInclude>
    <ClInclude Include="ResourceManager.h">
      <Filter>Header Files</Filter>
    </ClInclude>
    <ClInclude Include="flags.h">
      <Filter>Header Files</Filter>
    </ClInclude>
    <ClInclude Include="MemoryManager.h">
      <Filter>Header Files</Filter>
    </ClInclude>
    <ClInclude Include="PoolAllocator.h">
      <Filter>Header Files</Filter>
    </ClInclude>
    <ClInclude Include="StackAllocator.h">
      <Filter>Header Files</Filter>
    </ClInclude>
    <ClInclude Include="SM_GUID.h">
      <Filter>Header Files</Filter>
    </ClInclude>
    <ClInclude Include="AssetParser.h">
      <Filter>Header Files</Filter>
    </ClInclude>
    <ClInclude Include="Types.h">
      <Filter>Header Files</Filter>
    </ClInclude>
    <ClInclude Include="ArfData.h">
      <Filter>Header Files</Filter>
    </ClInclude>
    <ClInclude Include="IAssetLoader.h">
      <Filter>Header Files</Filter>
    </ClInclude>
    <ClInclude Include="stdafx.h">
      <Filter>Header Files</Filter>
    </ClInclude>
    <ClInclude Include="targetver.h">
      <Filter>Header Files</Filter>
    </ClInclude>
    <ClInclude Include="unzipper.h">
      <Filter>Header Files</Filter>
    </ClInclude>
    <ClInclude Include="ZipLoader.h">
      <Filter>Header Files</Filter>
    </ClInclude>
    <ClInclude Include="zipper.h">
      <Filter>Header Files</Filter>
    </ClInclude>
    <ClInclude Include="zlib-1.2.7\ioapi.h">
      <Filter>Header Files</Filter>
    </ClInclude>
    <ClInclude Include="zlib-1.2.7\unzip.h">
      <Filter>Header Files</Filter>
    </ClInclude>
    <ClInclude Include="zlib-1.2.7\zconf.h">
      <Filter>Header Files</Filter>
    </ClInclude>
    <ClInclude Include="zlib-1.2.7\zip.h">
      <Filter>Header Files</Filter>
    </ClInclude>
    <ClInclude Include="zlib-1.2.7\zlib.h">
      <Filter>Header Files</Filter>
    </ClInclude>
    <ClInclude Include="IGraphics.h">
      <Filter>Header Files</Filter>
    </ClInclude>
    <ClInclude Include="MeshData.h">
      <Filter>Header Files</Filter>
    </ClInclude>
    <ClInclude Include="flexbison\stack.hh">
      <Filter>Header Files</Filter>
    </ClInclude>
    <ClInclude Include="flexbison\FlexLexer.h">
      <Filter>OBJParser</Filter>
    </ClInclude>
    <ClInclude Include="flexbison\Object.h">
      <Filter>OBJParser</Filter>
    </ClInclude>
    <ClInclude Include="flexbison\parser.tab.h">
      <Filter>OBJParser</Filter>
    </ClInclude>
    <ClInclude Include="flexbison\ObjParser.h">
      <Filter>OBJParser</Filter>
    </ClInclude>
    <ClInclude Include="Resource.h">
      <Filter>Header Files</Filter>
    </ClInclude>
    <ClInclude Include="TextureData.h">
      <Filter>Header Files</Filter>
    </ClInclude>
    <ClInclude Include="InputManager.h">
      <Filter>Header Files</Filter>
    </ClInclude>
    <ClInclude Include="Scene.h">
      <Filter>Header Files</Filter>
    </ClInclude>
    <ClInclude Include="GameObject.h">
      <Filter>Header Files</Filter>
    </ClInclude>
    <ClInclude Include="ChunkyPoolAllocator.h">
      <Filter>Header Files</Filter>
    </ClInclude>
  </ItemGroup>
  <ItemGroup>
    <None Include="Shaders\DX11\FinalPS.hlsl">
      <Filter>Source Files\Shaders\DX11</Filter>
    </None>
    <None Include="Shaders\DX11\FinalVS.hlsl">
      <Filter>Source Files\Shaders\DX11</Filter>
    </None>
    <None Include="Shaders\DX11\InstancedStaticMeshVS.hlsl">
      <Filter>Source Files\Shaders\DX11</Filter>
    </None>
    <None Include="Shaders\DX11\StaticMeshPS.hlsl">
      <Filter>Source Files\Shaders\DX11</Filter>
    </None>
    <None Include="Shaders\DX11\StaticMeshVS.hlsl">
      <Filter>Source Files\Shaders\DX11</Filter>
    </None>
  </ItemGroup>
  <ItemGroup>
    <Flex Include="flexbison\parser.l">
      <Filter>OBJParser</Filter>
    </Flex>
  </ItemGroup>
  <ItemGroup>
    <Bison Include="flexbison\parser.y">
      <Filter>OBJParser</Filter>
    </Bison>
  </ItemGroup>
</Project>